
Microsoft Visual Studio Solution File, Format Version 12.00
# Visual Studio 14
VisualStudioVersion = 14.0.24720.0
MinimumVisualStudioVersion = 10.0.40219.1
Project("{2150E333-8FDC-42A3-9474-1A3956D46DE8}") = "Deploiement", "Deploiement", "{58D29CDE-7306-4898-A583-51222855A635}"
	ProjectSection(SolutionItems) = preProject
		Deploiement\ActivateFeatures.ps1 = Deploiement\ActivateFeatures.ps1
		Deploiement\Ajouter.ps1 = Deploiement\Ajouter.ps1
		Deploiement\DeactivateFeatures.ps1 = Deploiement\DeactivateFeatures.ps1
		DefinirPageNotFoundError.ps1 = DefinirPageNotFoundError.ps1
		Deploiement\Deployer.ps1 = Deploiement\Deployer.ps1
		Deploiement\Install.Fonctionnel.Del.ps1 = Deploiement\Install.Fonctionnel.Del.ps1
		Deploiement\Install.Fonctionnel.Ini.ps1 = Deploiement\Install.Fonctionnel.Ini.ps1
		Deploiement\Install.Fonctionnel.ps1 = Deploiement\Install.Fonctionnel.ps1
		Deploiement\Retracter.ps1 = Deploiement\Retracter.ps1
		Deploiement\Supprimer.ps1 = Deploiement\Supprimer.ps1
		Deploiement\Wait4Timer.ps1 = Deploiement\Wait4Timer.ps1
	EndProjectSection
EndProject
Project("{FAE04EC0-301F-11D3-BF4B-00C04F79EFBC}") = "SansPapier.Variation.Portail", "SansPapier.Variation.Portail\SansPapier.Variation.Portail.csproj", "{BC35E575-8004-404A-ADD1-CDF648094511}"
EndProject
Project("{FAE04EC0-301F-11D3-BF4B-00C04F79EFBC}") = "WordDocumentGenerator.Library", "WordDocumentGenerator.Library\WordDocumentGenerator.Library.csproj", "{C041C8C6-AC4E-4F74-A827-7F3D790E1ACE}"
EndProject
Global
	GlobalSection(SolutionConfigurationPlatforms) = preSolution
		Debug|Any CPU = Debug|Any CPU
		Release|Any CPU = Release|Any CPU
	EndGlobalSection
	GlobalSection(ProjectConfigurationPlatforms) = postSolution
		{BC35E575-8004-404A-ADD1-CDF648094511}.Debug|Any CPU.ActiveCfg = Debug|Any CPU
		{BC35E575-8004-404A-ADD1-CDF648094511}.Debug|Any CPU.Build.0 = Debug|Any CPU
		{BC35E575-8004-404A-ADD1-CDF648094511}.Debug|Any CPU.Deploy.0 = Debug|Any CPU
		{BC35E575-8004-404A-ADD1-CDF648094511}.Release|Any CPU.ActiveCfg = Release|Any CPU
		{BC35E575-8004-404A-ADD1-CDF648094511}.Release|Any CPU.Build.0 = Release|Any CPU
		{BC35E575-8004-404A-ADD1-CDF648094511}.Release|Any CPU.Deploy.0 = Release|Any CPU
		{C041C8C6-AC4E-4F74-A827-7F3D790E1ACE}.Debug|Any CPU.ActiveCfg = Debug|Any CPU
		{C041C8C6-AC4E-4F74-A827-7F3D790E1ACE}.Debug|Any CPU.Build.0 = Debug|Any CPU
		{C041C8C6-AC4E-4F74-A827-7F3D790E1ACE}.Release|Any CPU.ActiveCfg = Release|Any CPU
		{C041C8C6-AC4E-4F74-A827-7F3D790E1ACE}.Release|Any CPU.Build.0 = Release|Any CPU
	EndGlobalSection
	GlobalSection(SolutionProperties) = preSolution
		HideSolutionNode = FALSE
	EndGlobalSection
	GlobalSection(NestedProjects) = preSolution
		{BC35E575-8004-404A-ADD1-CDF648094511} = {58D29CDE-7306-4898-A583-51222855A635}
	EndGlobalSection
EndGlobal
